
Microsoft Visual Studio Solution File, Format Version 12.00
# Visual Studio Version 16
VisualStudioVersion = 16.0.32602.291
MinimumVisualStudioVersion = 10.0.40219.1
Project("{FAE04EC0-301F-11D3-BF4B-00C04F79EFBC}") = "TDETest11", "TDETest11.csproj", "{E66C6120-AC6F-40E4-9C13-7E0091344707}"
EndProject
Global
	GlobalSection(SolutionConfigurationPlatforms) = preSolution
		Debug|Any CPU = Debug|Any CPU
		Release|Any CPU = Release|Any CPU
	EndGlobalSection
	GlobalSection(ProjectConfigurationPlatforms) = postSolution
		{E66C6120-AC6F-40E4-9C13-7E0091344707}.Debug|Any CPU.ActiveCfg = Debug|Any CPU
		{E66C6120-AC6F-40E4-9C13-7E0091344707}.Debug|Any CPU.Build.0 = Debug|Any CPU
		{E66C6120-AC6F-40E4-9C13-7E0091344707}.Release|Any CPU.ActiveCfg = Release|Any CPU
		{E66C6120-AC6F-40E4-9C13-7E0091344707}.Release|Any CPU.Build.0 = Release|Any CPU
	EndGlobalSection
	GlobalSection(SolutionProperties) = preSolution
		HideSolutionNode = FALSE
	EndGlobalSection
	GlobalSection(ExtensibilityGlobals) = postSolution
		SolutionGuid = {FC4B0886-7DF2-4076-9CEF-76C6D23E072B}
	EndGlobalSection
EndGlobal
